# THIS IS AN AUTOGENERATED FILE. DO NOT EDIT THIS FILE DIRECTLY.
# yarn lockfile v1


"@tsconfig/node14@^1.0.0":
  version "1.0.0"
  resolved "https://registry.yarnpkg.com/@tsconfig/node14/-/node14-1.0.0.tgz#5bd046e508b1ee90bc091766758838741fdefd6e"
  integrity sha512-RKkL8eTdPv6t5EHgFKIVQgsDapugbuOptNd9OOunN/HAkzmmTnZELx1kNCK0rSdUYGmiFMM3rRQMAWiyp023LQ==

mgenware-tsconfig-node@^14.0.2:
  version "14.0.2"
  resolved "https://registry.yarnpkg.com/mgenware-tsconfig-node/-/mgenware-tsconfig-node-14.0.2.tgz#ed3e5535dca55658aea00d74551f2639c70c5dae"
  integrity sha512-MYqzOc9zKpLKAQa1tWAT0TAnG+vGnSDeFFN9LiFKLLifb84MzF7I7guSghdnEUnYOCglKPd/VTP5cux3MLLW6w==
  dependencies:
    "@tsconfig/node14" "^1.0.0"
